// !$*UTF8*$!
{
	archiveVersion = 1;
	classes = {
	};
	objectVersion = 77;
	objects = {

/* Begin PBXContainerItemProxy section */
		77B485F72E02991C0099CCBF /* PBXContainerItemProxy */ = {
			isa = PBXContainerItemProxy;
			containerPortal = 77B485E12E02991B0099CCBF /* Project object */;
			proxyType = 1;
			remoteGlobalIDString = 77B485E82E02991B0099CCBF;
			remoteInfo = GlobalPositionSystem;
		};
		77B486012E02991C0099CCBF /* PBXContainerItemProxy */ = {
			isa = PBXContainerItemProxy;
			containerPortal = 77B485E12E02991B0099CCBF /* Project object */;
			proxyType = 1;
			remoteGlobalIDString = 77B485E82E02991B0099CCBF;
			remoteInfo = GlobalPositionSystem;
		};
/* End PBXContainerItemProxy section */

/* Begin PBXFileReference section */
		77B485E92E02991B0099CCBF /* GlobalPositionSystem.app */ = {isa = PBXFileReference; explicitFileType = wrapper.application; includeInIndex = 0; path = GlobalPositionSystem.app; sourceTree = BUILT_PRODUCTS_DIR; };
		77B485F62E02991C0099CCBF /* GlobalPositionSystemTests.xctest */ = {isa = PBXFileReference; explicitFileType = wrapper.cfbundle; includeInIndex = 0; path = GlobalPositionSystemTests.xctest; sourceTree = BUILT_PRODUCTS_DIR; };
		77B486002E02991C0099CCBF /* GlobalPositionSystemUITests.xctest */ = {isa = PBXFileReference; explicitFileType = wrapper.cfbundle; includeInIndex = 0; path = GlobalPositionSystemUITests.xctest; sourceTree = BUILT_PRODUCTS_DIR; };
/* End PBXFileReference section */

/* Begin PBXFileSystemSynchronizedRootGroup section */
		77B485EB2E02991B0099CCBF /* GlobalPositionSystem */ = {
			isa = PBXFileSystemSynchronizedRootGroup;
			path = GlobalPositionSystem;
			sourceTree = "<group>";
		};
		77B485F92E02991C0099CCBF /* GlobalPositionSystemTests */ = {
			isa = PBXFileSystemSynchronizedRootGroup;
			path = GlobalPositionSystemTests;
			sourceTree = "<group>";
		};
		77B486032E02991C0099CCBF /* GlobalPositionSystemUITests */ = {
			isa = PBXFileSystemSynchronizedRootGroup;
			path = GlobalPositionSystemUITests;
			sourceTree = "<group>";
		};
/* End PBXFileSystemSynchronizedRootGroup section */

/* Begin PBXFrameworksBuildPhase section */
		77B485E62E02991B0099CCBF /* Frameworks */ = {
			isa = PBXFrameworksBuildPhase;
			buildActionMask = 2147483647;
			files = (
			);
			runOnlyForDeploymentPostprocessing = 0;
		};
		77B485F32E02991C0099CCBF /* Frameworks */ = {
			isa = PBXFrameworksBuildPhase;
			buildActionMask = 2147483647;
			files = (
			);
			runOnlyForDeploymentPostprocessing = 0;
		};
		77B485FD2E02991C0099CCBF /* Frameworks */ = {
			isa = PBXFrameworksBuildPhase;
			buildActionMask = 2147483647;
			files = (
			);
			runOnlyForDeploymentPostprocessing = 0;
		};
/* End PBXFrameworksBuildPhase section */

/* Begin PBXGroup section */
		77B485E02E02991B0099CCBF = {
			isa = PBXGroup;
			children = (
				77B485EB2E02991B0099CCBF /* GlobalPositionSystem */,
				77B485F92E02991C0099CCBF /* GlobalPositionSystemTests */,
				77B486032E02991C0099CCBF /* GlobalPositionSystemUITests */,
				77B485EA2E02991B0099CCBF /* Products */,
			);
			sourceTree = "<group>";
		};
		77B485EA2E02991B0099CCBF /* Products */ = {
			isa = PBXGroup;
			children = (
				77B485E92E02991B0099CCBF /* GlobalPositionSystem.app */,
				77B485F62E02991C0099CCBF /* GlobalPositionSystemTests.xctest */,
				77B486002E02991C0099CCBF /* GlobalPositionSystemUITests.xctest */,
			);
			name = Products;
			sourceTree = "<group>";
		};
/* End PBXGroup section */

/* Begin PBXNativeTarget section */
		77B485E82E02991B0099CCBF /* GlobalPositionSystem */ = {
			isa = PBXNativeTarget;
			buildConfigurationList = 77B4860A2E02991C0099CCBF /* Build configuration list for PBXNativeTarget "GlobalPositionSystem" */;
			buildPhases = (
				77B485E52E02991B0099CCBF /* Sources */,
				77B485E62E02991B0099CCBF /* Frameworks */,
				77B485E72E02991B0099CCBF /* Resources */,
			);
			buildRules = (
			);
			dependencies = (
			);
			fileSystemSynchronizedGroups = (
				77B485EB2E02991B0099CCBF /* GlobalPositionSystem */,
			);
			name = GlobalPositionSystem;
			packageProductDependencies = (
			);
			productName = GlobalPositionSystem;
			productReference = 77B485E92E02991B0099CCBF /* GlobalPositionSystem.app */;
			productType = "com.apple.product-type.application";
		};
		77B485F52E02991C0099CCBF /* GlobalPositionSystemTests */ = {
			isa = PBXNativeTarget;
			buildConfigurationList = 77B4860D2E02991C0099CCBF /* Build configuration list for PBXNativeTarget "GlobalPositionSystemTests" */;
			buildPhases = (
				77B485F22E02991C0099CCBF /* Sources */,
				77B485F32E02991C0099CCBF /* Frameworks */,
				77B485F42E02991C0099CCBF /* Resources */,
			);
			buildRules = (
			);
			dependencies = (
				77B485F82E02991C0099CCBF /* PBXTargetDependency */,
			);
			fileSystemSynchronizedGroups = (
				77B485F92E02991C0099CCBF /* GlobalPositionSystemTests */,
			);
			name = GlobalPositionSystemTests;
			packageProductDependencies = (
			);
			productName = GlobalPositionSystemTests;
			productReference = 77B485F62E02991C0099CCBF /* GlobalPositionSystemTests.xctest */;
			productType = "com.apple.product-type.bundle.unit-test";
		};
		77B485FF2E02991C0099CCBF /* GlobalPositionSystemUITests */ = {
			isa = PBXNativeTarget;
			buildConfigurationList = 77B486102E02991C0099CCBF /* Build configuration list for PBXNativeTarget "GlobalPositionSystemUITests" */;
			buildPhases = (
				77B485FC2E02991C0099CCBF /* Sources */,
				77B485FD2E02991C0099CCBF /* Frameworks */,
				77B485FE2E02991C0099CCBF /* Resources */,
			);
			buildRules = (
			);
			dependencies = (
				77B486022E02991C0099CCBF /* PBXTargetDependency */,
			);
			fileSystemSynchronizedGroups = (
				77B486032E02991C0099CCBF /* GlobalPositionSystemUITests */,
			);
			name = GlobalPositionSystemUITests;
			packageProductDependencies = (
			);
			productName = GlobalPositionSystemUITests;
			productReference = 77B486002E02991C0099CCBF /* GlobalPositionSystemUITests.xctest */;
			productType = "com.apple.product-type.bundle.ui-testing";
		};
/* End PBXNativeTarget section */

/* Begin PBXProject section */
		77B485E12E02991B0099CCBF /* Project object */ = {
			isa = PBXProject;
			attributes = {
				BuildIndependentTargetsInParallel = 1;
				LastSwiftUpdateCheck = 1640;
				LastUpgradeCheck = 1640;
				TargetAttributes = {
					77B485E82E02991B0099CCBF = {
						CreatedOnToolsVersion = 16.4;
					};
					77B485F52E02991C0099CCBF = {
						CreatedOnToolsVersion = 16.4;
						TestTargetID = 77B485E82E02991B0099CCBF;
					};
					77B485FF2E02991C0099CCBF = {
						CreatedOnToolsVersion = 16.4;
						TestTargetID = 77B485E82E02991B0099CCBF;
					};
				};
			};
			buildConfigurationList = 77B485E42E02991B0099CCBF /* Build configuration list for PBXProject "GlobalPositionSystem" */;
			developmentRegion = en;
			hasScannedForEncodings = 0;
			knownRegions = (
				en,
				Base,
			);
			mainGroup = 77B485E02E02991B0099CCBF;
			minimizedProjectReferenceProxies = 1;
			preferredProjectObjectVersion = 77;
			productRefGroup = 77B485EA2E02991B0099CCBF /* Products */;
			projectDirPath = "";
			projectRoot = "";
			targets = (
				77B485E82E02991B0099CCBF /* GlobalPositionSystem */,
				77B485F52E02991C0099CCBF /* GlobalPositionSystemTests */,
				77B485FF2E02991C0099CCBF /* GlobalPositionSystemUITests */,
			);
		};
/* End PBXProject section */

/* Begin PBXResourcesBuildPhase section */
		77B485E72E02991B0099CCBF /* Resources */ = {
			isa = PBXResourcesBuildPhase;
			buildActionMask = 2147483647;
			files = (
			);
			runOnlyForDeploymentPostprocessing = 0;
		};
		77B485F42E02991C0099CCBF /* Resources */ = {
			isa = PBXResourcesBuildPhase;
			buildActionMask = 2147483647;
			files = (
			);
			runOnlyForDeploymentPostprocessing = 0;
		};
		77B485FE2E02991C0099CCBF /* Resources */ = {
			isa = PBXResourcesBuildPhase;
			buildActionMask = 2147483647;
			files = (
			);
			runOnlyForDeploymentPostprocessing = 0;
		};
/* End PBXResourcesBuildPhase section */

/* Begin PBXSourcesBuildPhase section */
		77B485E52E02991B0099CCBF /* Sources */ = {
			isa = PBXSourcesBuildPhase;
			buildActionMask = 2147483647;
			files = (
			);
			runOnlyForDeploymentPostprocessing = 0;
		};
		77B485F22E02991C0099CCBF /* Sources */ = {
			isa = PBXSourcesBuildPhase;
			buildActionMask = 2147483647;
			files = (
			);
			runOnlyForDeploymentPostprocessing = 0;
		};
		77B485FC2E02991C0099CCBF /* Sources */ = {
			isa = PBXSourcesBuildPhase;
			buildActionMask = 2147483647;
			files = (
			);
			runOnlyForDeploymentPostprocessing = 0;
		};
/* End PBXSourcesBuildPhase section */

/* Begin PBXTargetDependency section */
		77B485F82E02991C0099CCBF /* PBXTargetDependency */ = {
			isa = PBXTargetDependency;
			target = 77B485E82E02991B0099CCBF /* GlobalPositionSystem */;
			targetProxy = 77B485F72E02991C0099CCBF /* PBXContainerItemProxy */;
		};
		77B486022E02991C0099CCBF /* PBXTargetDependency */ = {
			isa = PBXTargetDependency;
			target = 77B485E82E02991B0099CCBF /* GlobalPositionSystem */;
			targetProxy = 77B486012E02991C0099CCBF /* PBXContainerItemProxy */;
		};
/* End PBXTargetDependency section */

/* Begin XCBuildConfiguration section */
		77B486082E02991C0099CCBF /* Debug */ = {
			isa = XCBuildConfiguration;
			buildSettings = {
				ALWAYS_SEARCH_USER_PATHS = NO;
				ASSETCATALOG_COMPILER_GENERATE_SWIFT_ASSET_SYMBOL_EXTENSIONS = YES;
				CLANG_ANALYZER_NONNULL = YES;
				CLANG_ANALYZER_NUMBER_OBJECT_CONVERSION = YES_AGGRESSIVE;
				CLANG_CXX_LANGUAGE_STANDARD = "gnu++20";
				CLANG_ENABLE_MODULES = YES;
				CLANG_ENABLE_OBJC_ARC = YES;
				CLANG_ENABLE_OBJC_WEAK = YES;
				CLANG_WARN_BLOCK_CAPTURE_AUTORELEASING = YES;
				CLANG_WARN_BOOL_CONVERSION = YES;
				CLANG_WARN_COMMA = YES;
				CLANG_WARN_CONSTANT_CONVERSION = YES;
				CLANG_WARN_DEPRECATED_OBJC_IMPLEMENTATIONS = YES;
				CLANG_WARN_DIRECT_OBJC_ISA_USAGE = YES_ERROR;
				CLANG_WARN_DOCUMENTATION_COMMENTS = YES;
				CLANG_WARN_EMPTY_BODY = YES;
				CLANG_WARN_ENUM_CONVERSION = YES;
				CLANG_WARN_INFINITE_RECURSION = YES;
				CLANG_WARN_INT_CONVERSION = YES;
				CLANG_WARN_NON_LITERAL_NULL_CONVERSION = YES;
				CLANG_WARN_OBJC_IMPLICIT_RETAIN_SELF = YES;
				CLANG_WARN_OBJC_LITERAL_CONVERSION = YES;
				CLANG_WARN_OBJC_ROOT_CLASS = YES_ERROR;
				CLANG_WARN_QUOTED_INCLUDE_IN_FRAMEWORK_HEADER = YES;
				CLANG_WARN_RANGE_LOOP_ANALYSIS = YES;
				CLANG_WARN_STRICT_PROTOTYPES = YES;
				CLANG_WARN_SUSPICIOUS_MOVE = YES;
				CLANG_WARN_UNGUARDED_AVAILABILITY = YES_AGGRESSIVE;
				CLANG_WARN_UNREACHABLE_CODE = YES;
				CLANG_WARN__DUPLICATE_METHOD_MATCH = YES;
				COPY_PHASE_STRIP = NO;
				DEBUG_INFORMATION_FORMAT = dwarf;
				DEVELOPMENT_TEAM = 6QRRVG4B7W;
				ENABLE_STRICT_OBJC_MSGSEND = YES;
				ENABLE_TESTABILITY = YES;
				ENABLE_USER_SCRIPT_SANDBOXING = YES;
				GCC_C_LANGUAGE_STANDARD = gnu17;
				GCC_DYNAMIC_NO_PIC = NO;
				GCC_NO_COMMON_BLOCKS = YES;
				GCC_OPTIMIZATION_LEVEL = 0;
				GCC_PREPROCESSOR_DEFINITIONS = (
					"DEBUG=1",
					"$(inherited)",
				);
				GCC_WARN_64_TO_32_BIT_CONVERSION = YES;
				GCC_WARN_ABOUT_RETURN_TYPE = YES_ERROR;
				GCC_WARN_UNDECLARED_SELECTOR = YES;
				GCC_WARN_UNINITIALIZED_AUTOS = YES_AGGRESSIVE;
				GCC_WARN_UNUSED_FUNCTION = YES;
				GCC_WARN_UNUSED_VARIABLE = YES;
				IPHONEOS_DEPLOYMENT_TARGET = 18.5;
				LOCALIZATION_PREFERS_STRING_CATALOGS = YES;
				MTL_ENABLE_DEBUG_INFO = INCLUDE_SOURCE;
				MTL_FAST_MATH = YES;
				ONLY_ACTIVE_ARCH = YES;
				SDKROOT = iphoneos;
				SWIFT_ACTIVE_COMPILATION_CONDITIONS = "DEBUG $(inherited)";
				SWIFT_OPTIMIZATION_LEVEL = "-Onone";
			};
			name = Debug;
		};
		77B486092E02991C0099CCBF /* Release */ = {
			isa = XCBuildConfiguration;
			buildSettings = {
				ALWAYS_SEARCH_USER_PATHS = NO;
				ASSETCATALOG_COMPILER_GENERATE_SWIFT_ASSET_SYMBOL_EXTENSIONS = YES;
				CLANG_ANALYZER_NONNULL = YES;
				CLANG_ANALYZER_NUMBER_OBJECT_CONVERSION = YES_AGGRESSIVE;
				CLANG_CXX_LANGUAGE_STANDARD = "gnu++20";
				CLANG_ENABLE_MODULES = YES;
				CLANG_ENABLE_OBJC_ARC = YES;
				CLANG_ENABLE_OBJC_WEAK = YES;
				CLANG_WARN_BLOCK_CAPTURE_AUTORELEASING = YES;
				CLANG_WARN_BOOL_CONVERSION = YES;
				CLANG_WARN_COMMA = YES;
				CLANG_WARN_CONSTANT_CONVERSION = YES;
				CLANG_WARN_DEPRECATED_OBJC_IMPLEMENTATIONS = YES;
				CLANG_WARN_DIRECT_OBJC_ISA_USAGE = YES_ERROR;
				CLANG_WARN_DOCUMENTATION_COMMENTS = YES;
				CLANG_WARN_EMPTY_BODY = YES;
				CLANG_WARN_ENUM_CONVERSION = YES;
				CLANG_WARN_INFINITE_RECURSION = YES;
				CLANG_WARN_INT_CONVERSION = YES;
				CLANG_WARN_NON_LITERAL_NULL_CONVERSION = YES;
				CLANG_WARN_OBJC_IMPLICIT_RETAIN_SELF = YES;
				CLANG_WARN_OBJC_LITERAL_CONVERSION = YES;
				CLANG_WARN_OBJC_ROOT_CLASS = YES_ERROR;
				CLANG_WARN_QUOTED_INCLUDE_IN_FRAMEWORK_HEADER = YES;
				CLANG_WARN_RANGE_LOOP_ANALYSIS = YES;
				CLANG_WARN_STRICT_PROTOTYPES = YES;
				CLANG_WARN_SUSPICIOUS_MOVE = YES;
				CLANG_WARN_UNGUARDED_AVAILABILITY = YES_AGGRESSIVE;
				CLANG_WARN_UNREACHABLE_CODE = YES;
				CLANG_WARN__DUPLICATE_METHOD_MATCH = YES;
				COPY_PHASE_STRIP = NO;
				DEBUG_INFORMATION_FORMAT = "dwarf-with-dsym";
				DEVELOPMENT_TEAM = 6QRRVG4B7W;
				ENABLE_NS_ASSERTIONS = NO;
				ENABLE_STRICT_OBJC_MSGSEND = YES;
				ENABLE_USER_SCRIPT_SANDBOXING = YES;
				GCC_C_LANGUAGE_STANDARD = gnu17;
				GCC_NO_COMMON_BLOCKS = YES;
				GCC_WARN_64_TO_32_BIT_CONVERSION = YES;
				GCC_WARN_ABOUT_RETURN_TYPE = YES_ERROR;
				GCC_WARN_UNDECLARED_SELECTOR = YES;
				GCC_WARN_UNINITIALIZED_AUTOS = YES_AGGRESSIVE;
				GCC_WARN_UNUSED_FUNCTION = YES;
				GCC_WARN_UNUSED_VARIABLE = YES;
				IPHONEOS_DEPLOYMENT_TARGET = 18.5;
				LOCALIZATION_PREFERS_STRING_CATALOGS = YES;
				MTL_ENABLE_DEBUG_INFO = NO;
				MTL_FAST_MATH = YES;
				SDKROOT = iphoneos;
				SWIFT_COMPILATION_MODE = wholemodule;
				VALIDATE_PRODUCT = YES;
			};
			name = Release;
		};
		77B4860B2E02991C0099CCBF /* Debug */ = {
			isa = XCBuildConfiguration;
			buildSettings = {
				ASSETCATALOG_COMPILER_APPICON_NAME = AppIcon;
				ASSETCATALOG_COMPILER_GLOBAL_ACCENT_COLOR_NAME = AccentColor;
				CODE_SIGN_STYLE = Automatic;
				CURRENT_PROJECT_VERSION = 1;
				DEVELOPMENT_TEAM = 6QRRVG4B7W;
				ENABLE_PREVIEWS = YES;
				GENERATE_INFOPLIST_FILE = YES;
				INFOPLIST_KEY_UIApplicationSceneManifest_Generation = YES;
				INFOPLIST_KEY_UIApplicationSupportsIndirectInputEvents = YES;
				INFOPLIST_KEY_UILaunchScreen_Generation = YES;
				INFOPLIST_KEY_UISupportedInterfaceOrientations_iPad = "UIInterfaceOrientationPortrait UIInterfaceOrientationPortraitUpsideDown UIInterfaceOrientationLandscapeLeft UIInterfaceOrientationLandscapeRight";
				INFOPLIST_KEY_UISupportedInterfaceOrientations_iPhone = "UIInterfaceOrientationPortrait UIInterfaceOrientationLandscapeLeft UIInterfaceOrientationLandscapeRight";
				LD_RUNPATH_SEARCH_PATHS = (
					"$(inherited)",
					"@executable_path/Frameworks",
				);
				MARKETING_VERSION = 1.0;
				PRODUCT_BUNDLE_IDENTIFIER = com.ba.GlobalPositionSystem;
				PRODUCT_NAME = "$(TARGET_NAME)";
				SWIFT_EMIT_LOC_STRINGS = YES;
				SWIFT_VERSION = 5.0;
				TARGETED_DEVICE_FAMILY = "1,2";
			};
			name = Debug;
		};
		77B4860C2E02991C0099CCBF /* Release */ = {
			isa = XCBuildConfiguration;
			buildSettings = {
				ASSETCATALOG_COMPILER_APPICON_NAME = AppIcon;
				ASSETCATALOG_COMPILER_GLOBAL_ACCENT_COLOR_NAME = AccentColor;
				CODE_SIGN_STYLE = Automatic;
				CURRENT_PROJECT_VERSION = 1;
				DEVELOPMENT_TEAM = 6QRRVG4B7W;
				ENABLE_PREVIEWS = YES;
				GENERATE_INFOPLIST_FILE = YES;
				INFOPLIST_KEY_UIApplicationSceneManifest_Generation = YES;
				INFOPLIST_KEY_UIApplicationSupportsIndirectInputEvents = YES;
				INFOPLIST_KEY_UILaunchScreen_Generation = YES;
				INFOPLIST_KEY_UISupportedInterfaceOrientations_iPad = "UIInterfaceOrientationPortrait UIInterfaceOrientationPortraitUpsideDown UIInterfaceOrientationLandscapeLeft UIInterfaceOrientationLandscapeRight";
				INFOPLIST_KEY_UISupportedInterfaceOrientations_iPhone = "UIInterfaceOrientationPortrait UIInterfaceOrientationLandscapeLeft UIInterfaceOrientationLandscapeRight";
				LD_RUNPATH_SEARCH_PATHS = (
					"$(inherited)",
					"@executable_path/Frameworks",
				);
				MARKETING_VERSION = 1.0;
				PRODUCT_BUNDLE_IDENTIFIER = com.ba.GlobalPositionSystem;
				PRODUCT_NAME = "$(TARGET_NAME)";
				SWIFT_EMIT_LOC_STRINGS = YES;
				SWIFT_VERSION = 5.0;
				TARGETED_DEVICE_FAMILY = "1,2";
			};
			name = Release;
		};
		77B4860E2E02991C0099CCBF /* Debug */ = {
			isa = XCBuildConfiguration;
			buildSettings = {
				BUNDLE_LOADER = "$(TEST_HOST)";
				CODE_SIGN_STYLE = Automatic;
				CURRENT_PROJECT_VERSION = 1;
				DEVELOPMENT_TEAM = 6QRRVG4B7W;
				GENERATE_INFOPLIST_FILE = YES;
				IPHONEOS_DEPLOYMENT_TARGET = 18.5;
				MARKETING_VERSION = 1.0;
				PRODUCT_BUNDLE_IDENTIFIER = com.ba.GlobalPositionSystemTests;
				PRODUCT_NAME = "$(TARGET_NAME)";
				SWIFT_EMIT_LOC_STRINGS = NO;
				SWIFT_VERSION = 5.0;
				TARGETED_DEVICE_FAMILY = "1,2";
				TEST_HOST = "$(BUILT_PRODUCTS_DIR)/GlobalPositionSystem.app/$(BUNDLE_EXECUTABLE_FOLDER_PATH)/GlobalPositionSystem";
			};
			name = Debug;
		};
		77B4860F2E02991C0099CCBF /* Release */ = {
			isa = XCBuildConfiguration;
			buildSettings = {
				BUNDLE_LOADER = "$(TEST_HOST)";
				CODE_SIGN_STYLE = Automatic;
				CURRENT_PROJECT_VERSION = 1;
				DEVELOPMENT_TEAM = 6QRRVG4B7W;
				GENERATE_INFOPLIST_FILE = YES;
				IPHONEOS_DEPLOYMENT_TARGET = 18.5;
				MARKETING_VERSION = 1.0;
				PRODUCT_BUNDLE_IDENTIFIER = com.ba.GlobalPositionSystemTests;
				PRODUCT_NAME = "$(TARGET_NAME)";
				SWIFT_EMIT_LOC_STRINGS = NO;
				SWIFT_VERSION = 5.0;
				TARGETED_DEVICE_FAMILY = "1,2";
				TEST_HOST = "$(BUILT_PRODUCTS_DIR)/GlobalPositionSystem.app/$(BUNDLE_EXECUTABLE_FOLDER_PATH)/GlobalPositionSystem";
			};
			name = Release;
		};
		77B486112E02991C0099CCBF /* Debug */ = {
			isa = XCBuildConfiguration;
			buildSettings = {
				CODE_SIGN_STYLE = Automatic;
				CURRENT_PROJECT_VERSION = 1;
				DEVELOPMENT_TEAM = 6QRRVG4B7W;
				GENERATE_INFOPLIST_FILE = YES;
				MARKETING_VERSION = 1.0;
				PRODUCT_BUNDLE_IDENTIFIER = com.ba.GlobalPositionSystemUITests;
				PRODUCT_NAME = "$(TARGET_NAME)";
				SWIFT_EMIT_LOC_STRINGS = NO;
				SWIFT_VERSION = 5.0;
				TARGETED_DEVICE_FAMILY = "1,2";
				TEST_TARGET_NAME = GlobalPositionSystem;
			};
			name = Debug;
		};
		77B486122E02991C0099CCBF /* Release */ = {
			isa = XCBuildConfiguration;
			buildSettings = {
				CODE_SIGN_STYLE = Automatic;
				CURRENT_PROJECT_VERSION = 1;
				DEVELOPMENT_TEAM = 6QRRVG4B7W;
				GENERATE_INFOPLIST_FILE = YES;
				MARKETING_VERSION = 1.0;
				PRODUCT_BUNDLE_IDENTIFIER = com.ba.GlobalPositionSystemUITests;
				PRODUCT_NAME = "$(TARGET_NAME)";
				SWIFT_EMIT_LOC_STRINGS = NO;
				SWIFT_VERSION = 5.0;
				TARGETED_DEVICE_FAMILY = "1,2";
				TEST_TARGET_NAME = GlobalPositionSystem;
			};
			name = Release;
		};
/* End XCBuildConfiguration section */

/* Begin XCConfigurationList section */
		77B485E42E02991B0099CCBF /* Build configuration list for PBXProject "GlobalPositionSystem" */ = {
			isa = XCConfigurationList;
			buildConfigurations = (
				77B486082E02991C0099CCBF /* Debug */,
				77B486092E02991C0099CCBF /* Release */,
			);
			defaultConfigurationIsVisible = 0;
			defaultConfigurationName = Release;
		};
		77B4860A2E02991C0099CCBF /* Build configuration list for PBXNativeTarget "GlobalPositionSystem" */ = {
			isa = XCConfigurationList;
			buildConfigurations = (
				77B4860B2E02991C0099CCBF /* Debug */,
				77B4860C2E02991C0099CCBF /* Release */,
			);
			defaultConfigurationIsVisible = 0;
			defaultConfigurationName = Release;
		};
		77B4860D2E02991C0099CCBF /* Build configuration list for PBXNativeTarget "GlobalPositionSystemTests" */ = {
			isa = XCConfigurationList;
			buildConfigurations = (
				77B4860E2E02991C0099CCBF /* Debug */,
				77B4860F2E02991C0099CCBF /* Release */,
			);
			defaultConfigurationIsVisible = 0;
			defaultConfigurationName = Release;
		};
		77B486102E02991C0099CCBF /* Build configuration list for PBXNativeTarget "GlobalPositionSystemUITests" */ = {
			isa = XCConfigurationList;
			buildConfigurations = (
				77B486112E02991C0099CCBF /* Debug */,
				77B486122E02991C0099CCBF /* Release */,
			);
			defaultConfigurationIsVisible = 0;
			defaultConfigurationName = Release;
		};
/* End XCConfigurationList section */
	};
	rootObject = 77B485E12E02991B0099CCBF /* Project object */;
}
